# This file is automatically @generated by Cargo.
# It is not intended for manual editing.
version = 4

[[package]]
name = "gateway-application"
version = "0.1.0"
dependencies = [
 "gateway-domain",
]

[[package]]
name = "gateway-context"
version = "0.1.0"
dependencies = [
 "gateway-domain",
]

[[package]]
name = "gateway-daemon"
version = "0.1.0"
dependencies = [
 "gateway-application",
 "gateway-context",
 "gateway-policy",
 "gateway-registry",
 "gateway-workflow",
]

[[package]]
name = "gateway-domain"
version = "0.1.0"

[[package]]
name = "gateway-policy"
version = "0.1.0"
dependencies = [
 "gateway-domain",
]

[[package]]
name = "gateway-registry"
version = "0.1.0"
dependencies = [
 "gateway-domain",
]

[[package]]
name = "gateway-workflow"
version = "0.1.0"
dependencies = [
 "gateway-domain",
]
